{
  "name": "recipe-app",
  "version": "1.0.0",
  "lockfileVersion": 3,
  "requires": true,
  "packages": {
    "": {
      "name": "recipe-app",
      "version": "1.0.0",
      "license": "ISC",
      "dependencies": {
        "dexie": "^3.2.3",
        "hammerjs": "^2.0.8"
      }
    },
    "node_modules/dexie": {
      "version": "3.2.3",
      "resolved": "https://registry.npmjs.org/dexie/-/dexie-3.2.3.tgz",
      "integrity": "sha512-iHayBd4UYryDCVUNa3PMsJMEnd8yjyh5p7a+RFeC8i8n476BC9wMhVvqiImq5zJZJf5Tuer+s4SSj+AA3x+ZbQ==",
      "engines": {
        "node": ">=6.0"
      }
    },
    "node_modules/hammerjs": {
      "version": "2.0.8",
      "resolved": "https://registry.npmjs.org/hammerjs/-/hammerjs-2.0.8.tgz",
      "integrity": "sha512-tSQXBXS/MWQOn/RKckawJ61vvsDpCom87JgxiYdGwHdOa0ht0vzUWDlfioofFCRU0L+6NGDt6XzbgoJvZkMeRQ==",
      "engines": {
        "node": ">=0.8.0"
      }
    }
  }
}
